
Microsoft Visual Studio Solution File, Format Version 12.00
# Visual Studio Version 16
VisualStudioVersion = 16.0.30011.22
MinimumVisualStudioVersion = 10.0.40219.1
Project("{FAE04EC0-301F-11D3-BF4B-00C04F79EFBC}") = "FilmViewer2", "FilmViewer2\FilmViewer2.csproj", "{0D9409A7-14AF-4C98-82E8-3988645AFE13}"
EndProject
Global
	GlobalSection(SolutionConfigurationPlatforms) = preSolution
		Debug|Any CPU = Debug|Any CPU
		Release|Any CPU = Release|Any CPU
	EndGlobalSection
	GlobalSection(ProjectConfigurationPlatforms) = postSolution
		{0D9409A7-14AF-4C98-82E8-3988645AFE13}.Debug|Any CPU.ActiveCfg = Debug|Any CPU
		{0D9409A7-14AF-4C98-82E8-3988645AFE13}.Debug|Any CPU.Build.0 = Debug|Any CPU
		{0D9409A7-14AF-4C98-82E8-3988645AFE13}.Release|Any CPU.ActiveCfg = Release|Any CPU
		{0D9409A7-14AF-4C98-82E8-3988645AFE13}.Release|Any CPU.Build.0 = Release|Any CPU
	EndGlobalSection
	GlobalSection(SolutionProperties) = preSolution
		HideSolutionNode = FALSE
	EndGlobalSection
	GlobalSection(ExtensibilityGlobals) = postSolution
		SolutionGuid = {DF47BCB2-0872-4189-8224-C167E1010A21}
	EndGlobalSection
EndGlobal
